// !$*UTF8*$!
{
	archiveVersion = 1;
	classes = {
	};
	objectVersion = 46;
	objects = {

/* Begin PBXBuildFile section */
		6619254B1DDA2495001BDB90 /* Constants.swift in Sources */ = {isa = PBXBuildFile; fileRef = 6619254A1DDA2495001BDB90 /* Constants.swift */; };
		663C00321DD0EF0700AF5B17 /* Device.swift in Sources */ = {isa = PBXBuildFile; fileRef = 663C00311DD0EF0700AF5B17 /* Device.swift */; };
		664538111DD112E300DB4E5B /* DateFormatter.swift in Sources */ = {isa = PBXBuildFile; fileRef = 664538101DD112E300DB4E5B /* DateFormatter.swift */; };
		6667A4F81DD6B28F007F10E8 /* SettingsViewController.swift in Sources */ = {isa = PBXBuildFile; fileRef = 6667A4F71DD6B28F007F10E8 /* SettingsViewController.swift */; };
		667776641DDB65E600142E1E /* BibliioUITests.swift in Sources */ = {isa = PBXBuildFile; fileRef = 667776631DDB65E600142E1E /* BibliioUITests.swift */; };
		6677766C1DDB664800142E1E /* SnapshotHelper.swift in Sources */ = {isa = PBXBuildFile; fileRef = 6677766B1DDB664800142E1E /* SnapshotHelper.swift */; };
		667B9BA21DD2879D00E8D4A7 /* DatePickerViewController.swift in Sources */ = {isa = PBXBuildFile; fileRef = 667B9BA11DD2879D00E8D4A7 /* DatePickerViewController.swift */; };
		667B9BA41DD2899800E8D4A7 /* DayPickerViewController.swift in Sources */ = {isa = PBXBuildFile; fileRef = 667B9BA31DD2899800E8D4A7 /* DayPickerViewController.swift */; };
		667DA0A31DC8F1F5003E55F9 /* UIColorExtensions.swift in Sources */ = {isa = PBXBuildFile; fileRef = 667DA0A21DC8F1F5003E55F9 /* UIColorExtensions.swift */; };
		667DA0B01DC94EEA003E55F9 /* VerticalSlideAnimationController.swift in Sources */ = {isa = PBXBuildFile; fileRef = 667DA0AF1DC94EEA003E55F9 /* VerticalSlideAnimationController.swift */; };
		66A22CED1DCBEBAC008A8077 /* AddBookView.swift in Sources */ = {isa = PBXBuildFile; fileRef = 66A22CEC1DCBEBAC008A8077 /* AddBookView.swift */; };
		66AE73C91DBFB72F00BC1260 /* AppDelegate.swift in Sources */ = {isa = PBXBuildFile; fileRef = 66AE73C81DBFB72F00BC1260 /* AppDelegate.swift */; };
		66AE73CB1DBFB72F00BC1260 /* AddBookViewController.swift in Sources */ = {isa = PBXBuildFile; fileRef = 66AE73CA1DBFB72F00BC1260 /* AddBookViewController.swift */; };
		66AE73CE1DBFB72F00BC1260 /* Main.storyboard in Resources */ = {isa = PBXBuildFile; fileRef = 66AE73CC1DBFB72F00BC1260 /* Main.storyboard */; };
		66AE73D31DBFB72F00BC1260 /* Assets.xcassets in Resources */ = {isa = PBXBuildFile; fileRef = 66AE73D21DBFB72F00BC1260 /* Assets.xcassets */; };
		66AE73D61DBFB72F00BC1260 /* LaunchScreen.storyboard in Resources */ = {isa = PBXBuildFile; fileRef = 66AE73D41DBFB72F00BC1260 /* LaunchScreen.storyboard */; };
		66AE73E11DBFB73000BC1260 /* BiblioTests.swift in Sources */ = {isa = PBXBuildFile; fileRef = 66AE73E01DBFB73000BC1260 /* BiblioTests.swift */; };
		66AE73F01DBFBDF300BC1260 /* Book.swift in Sources */ = {isa = PBXBuildFile; fileRef = 66AE73EF1DBFBDF300BC1260 /* Book.swift */; };
		66BDFFE21DCB958F000F43CC /* BookDetailViewController.swift in Sources */ = {isa = PBXBuildFile; fileRef = 66BDFFE11DCB958F000F43CC /* BookDetailViewController.swift */; };
		66CB697D1DC3E4280054B5DE /* TextField.swift in Sources */ = {isa = PBXBuildFile; fileRef = 66CB697C1DC3E4280054B5DE /* TextField.swift */; };
		66CB697F1DC3E7DB0054B5DE /* BookListViewController.swift in Sources */ = {isa = PBXBuildFile; fileRef = 66CB697E1DC3E7DB0054B5DE /* BookListViewController.swift */; };
		66CB69811DC3E8570054B5DE /* ArchiveViewController.swift in Sources */ = {isa = PBXBuildFile; fileRef = 66CB69801DC3E8570054B5DE /* ArchiveViewController.swift */; };
		66D7F0DA1DC7C8050098AD2D /* CircularProgressView.swift in Sources */ = {isa = PBXBuildFile; fileRef = 66D7F0D91DC7C8050098AD2D /* CircularProgressView.swift */; };
		66D7F0DF1DC7C8A30098AD2D /* BookListCell.swift in Sources */ = {isa = PBXBuildFile; fileRef = 66D7F0DD1DC7C8A30098AD2D /* BookListCell.swift */; };
		66D7F0E01DC7C8A30098AD2D /* BookListCell.xib in Resources */ = {isa = PBXBuildFile; fileRef = 66D7F0DE1DC7C8A30098AD2D /* BookListCell.xib */; };
		66D8CEE21DD401C1003EA577 /* BoolObject.swift in Sources */ = {isa = PBXBuildFile; fileRef = 66D8CEE11DD401C1003EA577 /* BoolObject.swift */; };
		66DC0EEC1DDCF0B500525788 /* Info.plist in Resources */ = {isa = PBXBuildFile; fileRef = 66AE73D71DBFB72F00BC1260 /* Info.plist */; };
		66E384011DD6702F0002DA09 /* DateExtensions.swift in Sources */ = {isa = PBXBuildFile; fileRef = 66E384001DD6702F0002DA09 /* DateExtensions.swift */; };
		66EAB75F1DCBD9B800E9192D /* BaseInputViewController.swift in Sources */ = {isa = PBXBuildFile; fileRef = 66EAB75E1DCBD9B800E9192D /* BaseInputViewController.swift */; };
		66F638981DC8F1C200039FB8 /* UIFontExtensions.swift in Sources */ = {isa = PBXBuildFile; fileRef = 66F638971DC8F1C200039FB8 /* UIFontExtensions.swift */; };
		66FD7F021DCCF968003218F7 /* BookDetailView.swift in Sources */ = {isa = PBXBuildFile; fileRef = 66FD7F011DCCF968003218F7 /* BookDetailView.swift */; };
		66FD7F041DCCF9FB003218F7 /* SeparatorView.swift in Sources */ = {isa = PBXBuildFile; fileRef = 66FD7F031DCCF9FB003218F7 /* SeparatorView.swift */; };
		66FD7F0A1DCD4120003218F7 /* EditScheduleViewController.swift in Sources */ = {isa = PBXBuildFile; fileRef = 66FD7F091DCD4120003218F7 /* EditScheduleViewController.swift */; };
		66FD7F0C1DCD4142003218F7 /* EditScheduleView.swift in Sources */ = {isa = PBXBuildFile; fileRef = 66FD7F0B1DCD4142003218F7 /* EditScheduleView.swift */; };
		66FD7F0E1DCD4BAB003218F7 /* NavigationController.swift in Sources */ = {isa = PBXBuildFile; fileRef = 66FD7F0D1DCD4BAB003218F7 /* NavigationController.swift */; };
		66FD7F101DCD4C4B003218F7 /* HorizontalSlideAnimationController.swift in Sources */ = {isa = PBXBuildFile; fileRef = 66FD7F0F1DCD4C4B003218F7 /* HorizontalSlideAnimationController.swift */; };
		66FDEA541DD6E0510035D1FB /* AboutViewController.swift in Sources */ = {isa = PBXBuildFile; fileRef = 66FDEA531DD6E0510035D1FB /* AboutViewController.swift */; };
		8034E867F7A8D0F5FAE6EABC /* Pods_Bibliio.framework in Frameworks */ = {isa = PBXBuildFile; fileRef = 1881083A08A357F62D4C03ED /* Pods_Bibliio.framework */; };
/* End PBXBuildFile section */

/* Begin PBXContainerItemProxy section */
		667776661DDB65E600142E1E /* PBXContainerItemProxy */ = {
			isa = PBXContainerItemProxy;
			containerPortal = 66AE73BD1DBFB72F00BC1260 /* Project object */;
			proxyType = 1;
			remoteGlobalIDString = 66AE73C41DBFB72F00BC1260;
			remoteInfo = Bibliio;
		};
		66AE73DD1DBFB73000BC1260 /* PBXContainerItemProxy */ = {
			isa = PBXContainerItemProxy;
			containerPortal = 66AE73BD1DBFB72F00BC1260 /* Project object */;
			proxyType = 1;
			remoteGlobalIDString = 66AE73C41DBFB72F00BC1260;
			remoteInfo = Biblio;
		};
/* End PBXContainerItemProxy section */

/* Begin PBXFileReference section */
		1881083A08A357F62D4C03ED /* Pods_Bibliio.framework */ = {isa = PBXFileReference; explicitFileType = wrapper.framework; includeInIndex = 0; path = Pods_Bibliio.framework; sourceTree = BUILT_PRODUCTS_DIR; };
		6619254A1DDA2495001BDB90 /* Constants.swift */ = {isa = PBXFileReference; fileEncoding = 4; lastKnownFileType = sourcecode.swift; path = Constants.swift; sourceTree = "<group>"; };
		663C00311DD0EF0700AF5B17 /* Device.swift */ = {isa = PBXFileReference; fileEncoding = 4; lastKnownFileType = sourcecode.swift; path = Device.swift; sourceTree = "<group>"; };
		664538101DD112E300DB4E5B /* DateFormatter.swift */ = {isa = PBXFileReference; fileEncoding = 4; lastKnownFileType = sourcecode.swift; path = DateFormatter.swift; sourceTree = "<group>"; };
		6667A4F71DD6B28F007F10E8 /* SettingsViewController.swift */ = {isa = PBXFileReference; fileEncoding = 4; lastKnownFileType = sourcecode.swift; path = SettingsViewController.swift; sourceTree = "<group>"; };
		667776611DDB65E600142E1E /* BibliioUITests.xctest */ = {isa = PBXFileReference; explicitFileType = wrapper.cfbundle; includeInIndex = 0; path = BibliioUITests.xctest; sourceTree = BUILT_PRODUCTS_DIR; };
		667776631DDB65E600142E1E /* BibliioUITests.swift */ = {isa = PBXFileReference; lastKnownFileType = sourcecode.swift; path = BibliioUITests.swift; sourceTree = "<group>"; };
		667776651DDB65E600142E1E /* Info.plist */ = {isa = PBXFileReference; lastKnownFileType = text.plist.xml; path = Info.plist; sourceTree = "<group>"; };
		6677766B1DDB664800142E1E /* SnapshotHelper.swift */ = {isa = PBXFileReference; fileEncoding = 4; lastKnownFileType = sourcecode.swift; path = SnapshotHelper.swift; sourceTree = "<group>"; };
		667B9BA11DD2879D00E8D4A7 /* DatePickerViewController.swift */ = {isa = PBXFileReference; fileEncoding = 4; lastKnownFileType = sourcecode.swift; path = DatePickerViewController.swift; sourceTree = "<group>"; };
		667B9BA31DD2899800E8D4A7 /* DayPickerViewController.swift */ = {isa = PBXFileReference; fileEncoding = 4; lastKnownFileType = sourcecode.swift; path = DayPickerViewController.swift; sourceTree = "<group>"; };
		667DA0A21DC8F1F5003E55F9 /* UIColorExtensions.swift */ = {isa = PBXFileReference; fileEncoding = 4; lastKnownFileType = sourcecode.swift; path = UIColorExtensions.swift; sourceTree = "<group>"; };
		667DA0AF1DC94EEA003E55F9 /* VerticalSlideAnimationController.swift */ = {isa = PBXFileReference; fileEncoding = 4; lastKnownFileType = sourcecode.swift; path = VerticalSlideAnimationController.swift; sourceTree = "<group>"; };
		66A22CEC1DCBEBAC008A8077 /* AddBookView.swift */ = {isa = PBXFileReference; fileEncoding = 4; lastKnownFileType = sourcecode.swift; path = AddBookView.swift; sourceTree = "<group>"; };
		66AE73C51DBFB72F00BC1260 /* Bibliio.app */ = {isa = PBXFileReference; explicitFileType = wrapper.application; includeInIndex = 0; path = Bibliio.app; sourceTree = BUILT_PRODUCTS_DIR; };
		66AE73C81DBFB72F00BC1260 /* AppDelegate.swift */ = {isa = PBXFileReference; lastKnownFileType = sourcecode.swift; path = AppDelegate.swift; sourceTree = "<group>"; };
		66AE73CA1DBFB72F00BC1260 /* AddBookViewController.swift */ = {isa = PBXFileReference; lastKnownFileType = sourcecode.swift; path = AddBookViewController.swift; sourceTree = "<group>"; };
		66AE73CD1DBFB72F00BC1260 /* Base */ = {isa = PBXFileReference; lastKnownFileType = file.storyboard; name = Base; path = Base.lproj/Main.storyboard; sourceTree = "<group>"; };
		66AE73D21DBFB72F00BC1260 /* Assets.xcassets */ = {isa = PBXFileReference; lastKnownFileType = folder.assetcatalog; path = Assets.xcassets; sourceTree = "<group>"; };
		66AE73D51DBFB72F00BC1260 /* Base */ = {isa = PBXFileReference; lastKnownFileType = file.storyboard; name = Base; path = Base.lproj/LaunchScreen.storyboard; sourceTree = "<group>"; };
		66AE73D71DBFB72F00BC1260 /* Info.plist */ = {isa = PBXFileReference; lastKnownFileType = text.plist.xml; path = Info.plist; sourceTree = "<group>"; };
		66AE73DC1DBFB73000BC1260 /* BibliioTests.xctest */ = {isa = PBXFileReference; explicitFileType = wrapper.cfbundle; includeInIndex = 0; path = BibliioTests.xctest; sourceTree = BUILT_PRODUCTS_DIR; };
		66AE73E01DBFB73000BC1260 /* BiblioTests.swift */ = {isa = PBXFileReference; lastKnownFileType = sourcecode.swift; path = BiblioTests.swift; sourceTree = "<group>"; };
		66AE73E21DBFB73000BC1260 /* Info.plist */ = {isa = PBXFileReference; lastKnownFileType = text.plist.xml; path = Info.plist; sourceTree = "<group>"; };
		66AE73EF1DBFBDF300BC1260 /* Book.swift */ = {isa = PBXFileReference; fileEncoding = 4; lastKnownFileType = sourcecode.swift; path = Book.swift; sourceTree = "<group>"; };
		66BDFFE11DCB958F000F43CC /* BookDetailViewController.swift */ = {isa = PBXFileReference; fileEncoding = 4; lastKnownFileType = sourcecode.swift; path = BookDetailViewController.swift; sourceTree = "<group>"; };
		66CB697C1DC3E4280054B5DE /* TextField.swift */ = {isa = PBXFileReference; fileEncoding = 4; lastKnownFileType = sourcecode.swift; path = TextField.swift; sourceTree = "<group>"; };
		66CB697E1DC3E7DB0054B5DE /* BookListViewController.swift */ = {isa = PBXFileReference; fileEncoding = 4; lastKnownFileType = sourcecode.swift; path = BookListViewController.swift; sourceTree = "<group>"; };
		66CB69801DC3E8570054B5DE /* ArchiveViewController.swift */ = {isa = PBXFileReference; fileEncoding = 4; lastKnownFileType = sourcecode.swift; path = ArchiveViewController.swift; sourceTree = "<group>"; };
		66D7F0D91DC7C8050098AD2D /* CircularProgressView.swift */ = {isa = PBXFileReference; fileEncoding = 4; lastKnownFileType = sourcecode.swift; path = CircularProgressView.swift; sourceTree = "<group>"; };
		66D7F0DD1DC7C8A30098AD2D /* BookListCell.swift */ = {isa = PBXFileReference; fileEncoding = 4; lastKnownFileType = sourcecode.swift; path = BookListCell.swift; sourceTree = "<group>"; };
		66D7F0DE1DC7C8A30098AD2D /* BookListCell.xib */ = {isa = PBXFileReference; fileEncoding = 4; lastKnownFileType = file.xib; path = BookListCell.xib; sourceTree = "<group>"; };
		66D8CEE11DD401C1003EA577 /* BoolObject.swift */ = {isa = PBXFileReference; fileEncoding = 4; lastKnownFileType = sourcecode.swift; path = BoolObject.swift; sourceTree = "<group>"; };
		66E384001DD6702F0002DA09 /* DateExtensions.swift */ = {isa = PBXFileReference; fileEncoding = 4; lastKnownFileType = sourcecode.swift; path = DateExtensions.swift; sourceTree = "<group>"; };
		66EAB75E1DCBD9B800E9192D /* BaseInputViewController.swift */ = {isa = PBXFileReference; fileEncoding = 4; lastKnownFileType = sourcecode.swift; path = BaseInputViewController.swift; sourceTree = "<group>"; };
		66F638971DC8F1C200039FB8 /* UIFontExtensions.swift */ = {isa = PBXFileReference; fileEncoding = 4; lastKnownFileType = sourcecode.swift; path = UIFontExtensions.swift; sourceTree = "<group>"; };
		66FD7F011DCCF968003218F7 /* BookDetailView.swift */ = {isa = PBXFileReference; fileEncoding = 4; lastKnownFileType = sourcecode.swift; path = BookDetailView.swift; sourceTree = "<group>"; };
		66FD7F031DCCF9FB003218F7 /* SeparatorView.swift */ = {isa = PBXFileReference; fileEncoding = 4; lastKnownFileType = sourcecode.swift; path = SeparatorView.swift; sourceTree = "<group>"; };
		66FD7F091DCD4120003218F7 /* EditScheduleViewController.swift */ = {isa = PBXFileReference; fileEncoding = 4; lastKnownFileType = sourcecode.swift; path = EditScheduleViewController.swift; sourceTree = "<group>"; };
		66FD7F0B1DCD4142003218F7 /* EditScheduleView.swift */ = {isa = PBXFileReference; fileEncoding = 4; lastKnownFileType = sourcecode.swift; path = EditScheduleView.swift; sourceTree = "<group>"; };
		66FD7F0D1DCD4BAB003218F7 /* NavigationController.swift */ = {isa = PBXFileReference; fileEncoding = 4; lastKnownFileType = sourcecode.swift; path = NavigationController.swift; sourceTree = "<group>"; };
		66FD7F0F1DCD4C4B003218F7 /* HorizontalSlideAnimationController.swift */ = {isa = PBXFileReference; fileEncoding = 4; lastKnownFileType = sourcecode.swift; path = HorizontalSlideAnimationController.swift; sourceTree = "<group>"; };
		66FDEA531DD6E0510035D1FB /* AboutViewController.swift */ = {isa = PBXFileReference; fileEncoding = 4; lastKnownFileType = sourcecode.swift; path = AboutViewController.swift; sourceTree = "<group>"; };
		AC611E58B241C6FFB583805B /* Pods-Bibliio.debug.xcconfig */ = {isa = PBXFileReference; includeInIndex = 1; lastKnownFileType = text.xcconfig; name = "Pods-Bibliio.debug.xcconfig"; path = "Pods/Target Support Files/Pods-Bibliio/Pods-Bibliio.debug.xcconfig"; sourceTree = "<group>"; };
		F55D2FEB0114AD667D4141D5 /* Pods-Bibliio.release.xcconfig */ = {isa = PBXFileReference; includeInIndex = 1; lastKnownFileType = text.xcconfig; name = "Pods-Bibliio.release.xcconfig"; path = "Pods/Target Support Files/Pods-Bibliio/Pods-Bibliio.release.xcconfig"; sourceTree = "<group>"; };
/* End PBXFileReference section */

/* Begin PBXFrameworksBuildPhase section */
		6677765E1DDB65E600142E1E /* Frameworks */ = {
			isa = PBXFrameworksBuildPhase;
			buildActionMask = 2147483647;
			files = (
			);
			runOnlyForDeploymentPostprocessing = 0;
		};
		66AE73C21DBFB72F00BC1260 /* Frameworks */ = {
			isa = PBXFrameworksBuildPhase;
			buildActionMask = 2147483647;
			files = (
				8034E867F7A8D0F5FAE6EABC /* Pods_Bibliio.framework in Frameworks */,
			);
			runOnlyForDeploymentPostprocessing = 0;
		};
		66AE73D91DBFB73000BC1260 /* Frameworks */ = {
			isa = PBXFrameworksBuildPhase;
			buildActionMask = 2147483647;
			files = (
			);
			runOnlyForDeploymentPostprocessing = 0;
		};
/* End PBXFrameworksBuildPhase section */

/* Begin PBXGroup section */
		16DAE69325F0CC33532638A6 /* Pods */ = {
			isa = PBXGroup;
			children = (
				AC611E58B241C6FFB583805B /* Pods-Bibliio.debug.xcconfig */,
				F55D2FEB0114AD667D4141D5 /* Pods-Bibliio.release.xcconfig */,
			);
			name = Pods;
			sourceTree = "<group>";
		};
		663BB5501DCF9AB80029AD9B /* ViewModel */ = {
			isa = PBXGroup;
			children = (
			);
			name = ViewModel;
			sourceTree = "<group>";
		};
		667776621DDB65E600142E1E /* BibliioUITests */ = {
			isa = PBXGroup;
			children = (
				667776631DDB65E600142E1E /* BibliioUITests.swift */,
				6677766B1DDB664800142E1E /* SnapshotHelper.swift */,
				667776651DDB65E600142E1E /* Info.plist */,
			);
			path = BibliioUITests;
			sourceTree = "<group>";
		};
		66AE73BC1DBFB72F00BC1260 = {
			isa = PBXGroup;
			children = (
				66AE73C71DBFB72F00BC1260 /* Bibliio */,
				66AE73DF1DBFB73000BC1260 /* BiblioTests */,
				667776621DDB65E600142E1E /* BibliioUITests */,
				66AE73C61DBFB72F00BC1260 /* Products */,
				16DAE69325F0CC33532638A6 /* Pods */,
				7CB7CC69EFDF3E8FE35E237B /* Frameworks */,
			);
			sourceTree = "<group>";
		};
		66AE73C61DBFB72F00BC1260 /* Products */ = {
			isa = PBXGroup;
			children = (
				66AE73C51DBFB72F00BC1260 /* Bibliio.app */,
				66AE73DC1DBFB73000BC1260 /* BibliioTests.xctest */,
				667776611DDB65E600142E1E /* BibliioUITests.xctest */,
			);
			name = Products;
			sourceTree = "<group>";
		};
		66AE73C71DBFB72F00BC1260 /* Bibliio */ = {
			isa = PBXGroup;
			children = (
				66D7F0E11DC818100098AD2D /* Resources */,
				66AE73EB1DBFBDA300BC1260 /* Model */,
				663BB5501DCF9AB80029AD9B /* ViewModel */,
				66AE73ED1DBFBDB000BC1260 /* View */,
				66AE73EE1DBFBDBE00BC1260 /* Supporting Files */,
			);
			name = Bibliio;
			path = Biblio;
			sourceTree = "<group>";
		};
		66AE73DF1DBFB73000BC1260 /* BiblioTests */ = {
			isa = PBXGroup;
			children = (
				66AE73E01DBFB73000BC1260 /* BiblioTests.swift */,
				66AE73E21DBFB73000BC1260 /* Info.plist */,
			);
			path = BiblioTests;
			sourceTree = "<group>";
		};
		66AE73EB1DBFBDA300BC1260 /* Model */ = {
			isa = PBXGroup;
			children = (
				66AE73EF1DBFBDF300BC1260 /* Book.swift */,
				66D8CEE11DD401C1003EA577 /* BoolObject.swift */,
			);
			name = Model;
			sourceTree = "<group>";
		};
		66AE73EC1DBFBDA900BC1260 /* View Controllers */ = {
			isa = PBXGroup;
			children = (
				66AE73CC1DBFB72F00BC1260 /* Main.storyboard */,
				66AE73CA1DBFB72F00BC1260 /* AddBookViewController.swift */,
				6667A4F71DD6B28F007F10E8 /* SettingsViewController.swift */,
				66CB697E1DC3E7DB0054B5DE /* BookListViewController.swift */,
				66CB69801DC3E8570054B5DE /* ArchiveViewController.swift */,
				66BDFFE11DCB958F000F43CC /* BookDetailViewController.swift */,
				66EAB75E1DCBD9B800E9192D /* BaseInputViewController.swift */,
				66FD7F091DCD4120003218F7 /* EditScheduleViewController.swift */,
				66FD7F0D1DCD4BAB003218F7 /* NavigationController.swift */,
				667B9BA11DD2879D00E8D4A7 /* DatePickerViewController.swift */,
				667B9BA31DD2899800E8D4A7 /* DayPickerViewController.swift */,
				66FDEA531DD6E0510035D1FB /* AboutViewController.swift */,
			);
			name = "View Controllers";
			sourceTree = "<group>";
		};
		66AE73ED1DBFBDB000BC1260 /* View */ = {
			isa = PBXGroup;
			children = (
				66AE73EC1DBFBDA900BC1260 /* View Controllers */,
				66CB69821DC3F1E50054B5DE /* Cells */,
				66D7F0D91DC7C8050098AD2D /* CircularProgressView.swift */,
				66CB697C1DC3E4280054B5DE /* TextField.swift */,
				66A22CEC1DCBEBAC008A8077 /* AddBookView.swift */,
				66FD7F011DCCF968003218F7 /* BookDetailView.swift */,
				66FD7F031DCCF9FB003218F7 /* SeparatorView.swift */,
				66FD7F0B1DCD4142003218F7 /* EditScheduleView.swift */,
			);
			name = View;
			sourceTree = "<group>";
		};
		66AE73EE1DBFBDBE00BC1260 /* Supporting Files */ = {
			isa = PBXGroup;
			children = (
				66AE73D41DBFB72F00BC1260 /* LaunchScreen.storyboard */,
				66AE73D71DBFB72F00BC1260 /* Info.plist */,
				66AE73D21DBFB72F00BC1260 /* Assets.xcassets */,
				66AE73C81DBFB72F00BC1260 /* AppDelegate.swift */,
			);
			name = "Supporting Files";
			sourceTree = "<group>";
		};
		66CB69821DC3F1E50054B5DE /* Cells */ = {
			isa = PBXGroup;
			children = (
				66D7F0DD1DC7C8A30098AD2D /* BookListCell.swift */,
				66D7F0DE1DC7C8A30098AD2D /* BookListCell.xib */,
			);
			name = Cells;
			sourceTree = "<group>";
		};
		66D7F0E11DC818100098AD2D /* Resources */ = {
			isa = PBXGroup;
			children = (
				66D7F0E51DC8E3D00098AD2D /* Extensions */,
				667DA0AF1DC94EEA003E55F9 /* VerticalSlideAnimationController.swift */,
				66FD7F0F1DCD4C4B003218F7 /* HorizontalSlideAnimationController.swift */,
				663C00311DD0EF0700AF5B17 /* Device.swift */,
				6619254A1DDA2495001BDB90 /* Constants.swift */,
			);
			name = Resources;
			sourceTree = "<group>";
		};
		66D7F0E51DC8E3D00098AD2D /* Extensions */ = {
			isa = PBXGroup;
			children = (
				66F638971DC8F1C200039FB8 /* UIFontExtensions.swift */,
				667DA0A21DC8F1F5003E55F9 /* UIColorExtensions.swift */,
				664538101DD112E300DB4E5B /* DateFormatter.swift */,
				66E384001DD6702F0002DA09 /* DateExtensions.swift */,
			);
			name = Extensions;
			sourceTree = "<group>";
		};
		7CB7CC69EFDF3E8FE35E237B /* Frameworks */ = {
			isa = PBXGroup;
			children = (
				1881083A08A357F62D4C03ED /* Pods_Bibliio.framework */,
			);
			name = Frameworks;
			sourceTree = "<group>";
		};
/* End PBXGroup section */

/* Begin PBXNativeTarget section */
		667776601DDB65E600142E1E /* BibliioUITests */ = {
			isa = PBXNativeTarget;
			buildConfigurationList = 6677766A1DDB65E600142E1E /* Build configuration list for PBXNativeTarget "BibliioUITests" */;
			buildPhases = (
				6677765D1DDB65E600142E1E /* Sources */,
				6677765E1DDB65E600142E1E /* Frameworks */,
				6677765F1DDB65E600142E1E /* Resources */,
			);
			buildRules = (
			);
			dependencies = (
				667776671DDB65E600142E1E /* PBXTargetDependency */,
			);
			name = BibliioUITests;
			productName = BibliioUITests;
			productReference = 667776611DDB65E600142E1E /* BibliioUITests.xctest */;
			productType = "com.apple.product-type.bundle.ui-testing";
		};
		66AE73C41DBFB72F00BC1260 /* Bibliio */ = {
			isa = PBXNativeTarget;
			buildConfigurationList = 66AE73E51DBFB73000BC1260 /* Build configuration list for PBXNativeTarget "Bibliio" */;
			buildPhases = (
				24F9D4CE729454C769211B59 /* [CP] Check Pods Manifest.lock */,
				66AE73C11DBFB72F00BC1260 /* Sources */,
				66AE73C21DBFB72F00BC1260 /* Frameworks */,
				66AE73C31DBFB72F00BC1260 /* Resources */,
				6A07A5A78033231E6842D0C4 /* [CP] Embed Pods Frameworks */,
				EE60ED8F5DC23558A815B956 /* [CP] Copy Pods Resources */,
			);
			buildRules = (
			);
			dependencies = (
			);
			name = Bibliio;
			productName = Biblio;
			productReference = 66AE73C51DBFB72F00BC1260 /* Bibliio.app */;
			productType = "com.apple.product-type.application";
		};
		66AE73DB1DBFB73000BC1260 /* BibliioTests */ = {
			isa = PBXNativeTarget;
			buildConfigurationList = 66AE73E81DBFB73000BC1260 /* Build configuration list for PBXNativeTarget "BibliioTests" */;
			buildPhases = (
				66AE73D81DBFB73000BC1260 /* Sources */,
				66AE73D91DBFB73000BC1260 /* Frameworks */,
				66AE73DA1DBFB73000BC1260 /* Resources */,
			);
			buildRules = (
			);
			dependencies = (
				66AE73DE1DBFB73000BC1260 /* PBXTargetDependency */,
			);
			name = BibliioTests;
			productName = BiblioTests;
			productReference = 66AE73DC1DBFB73000BC1260 /* BibliioTests.xctest */;
			productType = "com.apple.product-type.bundle.unit-test";
		};
/* End PBXNativeTarget section */

/* Begin PBXProject section */
		66AE73BD1DBFB72F00BC1260 /* Project object */ = {
			isa = PBXProject;
			attributes = {
				LastSwiftUpdateCheck = 0810;
				LastUpgradeCheck = 0810;
				ORGANIZATIONNAME = "Adam Tecle";
				TargetAttributes = {
					667776601DDB65E600142E1E = {
						CreatedOnToolsVersion = 8.1;
						DevelopmentTeam = 3GR96D7Z4R;
						ProvisioningStyle = Automatic;
						TestTargetID = 66AE73C41DBFB72F00BC1260;
					};
					66AE73C41DBFB72F00BC1260 = {
						CreatedOnToolsVersion = 8.0;
						DevelopmentTeam = 3GR96D7Z4R;
						ProvisioningStyle = Manual;
					};
					66AE73DB1DBFB73000BC1260 = {
						CreatedOnToolsVersion = 8.0;
						DevelopmentTeam = 3GR96D7Z4R;
						ProvisioningStyle = Automatic;
						TestTargetID = 66AE73C41DBFB72F00BC1260;
					};
				};
			};
			buildConfigurationList = 66AE73C01DBFB72F00BC1260 /* Build configuration list for PBXProject "Bibliio" */;
			compatibilityVersion = "Xcode 3.2";
			developmentRegion = English;
			hasScannedForEncodings = 0;
			knownRegions = (
				en,
				Base,
			);
			mainGroup = 66AE73BC1DBFB72F00BC1260;
			productRefGroup = 66AE73C61DBFB72F00BC1260 /* Products */;
			projectDirPath = "";
			projectRoot = "";
			targets = (
				66AE73C41DBFB72F00BC1260 /* Bibliio */,
				66AE73DB1DBFB73000BC1260 /* BibliioTests */,
				667776601DDB65E600142E1E /* BibliioUITests */,
			);
		};
/* End PBXProject section */

/* Begin PBXResourcesBuildPhase section */
		6677765F1DDB65E600142E1E /* Resources */ = {
			isa = PBXResourcesBuildPhase;
			buildActionMask = 2147483647;
			files = (
			);
			runOnlyForDeploymentPostprocessing = 0;
		};
		66AE73C31DBFB72F00BC1260 /* Resources */ = {
			isa = PBXResourcesBuildPhase;
			buildActionMask = 2147483647;
			files = (
				66DC0EEC1DDCF0B500525788 /* Info.plist in Resources */,
				66AE73D61DBFB72F00BC1260 /* LaunchScreen.storyboard in Resources */,
				66AE73D31DBFB72F00BC1260 /* Assets.xcassets in Resources */,
				66D7F0E01DC7C8A30098AD2D /* BookListCell.xib in Resources */,
				66AE73CE1DBFB72F00BC1260 /* Main.storyboard in Resources */,
			);
			runOnlyForDeploymentPostprocessing = 0;
		};
		66AE73DA1DBFB73000BC1260 /* Resources */ = {
			isa = PBXResourcesBuildPhase;
			buildActionMask = 2147483647;
			files = (
			);
			runOnlyForDeploymentPostprocessing = 0;
		};
/* End PBXResourcesBuildPhase section */

/* Begin PBXShellScriptBuildPhase section */
		24F9D4CE729454C769211B59 /* [CP] Check Pods Manifest.lock */ = {
			isa = PBXShellScriptBuildPhase;
			buildActionMask = 2147483647;
			files = (
			);
			inputPaths = (
			);
			name = "[CP] Check Pods Manifest.lock";
			outputPaths = (
			);
			runOnlyForDeploymentPostprocessing = 0;
			shellPath = /bin/sh;
			shellScript = "diff \"${PODS_ROOT}/../Podfile.lock\" \"${PODS_ROOT}/Manifest.lock\" > /dev/null\nif [ $? != 0 ] ; then\n    # print error to STDERR\n    echo \"error: The sandbox is not in sync with the Podfile.lock. Run 'pod install' or update your CocoaPods installation.\" >&2\n    exit 1\nfi\n";
			showEnvVarsInLog = 0;
		};
		6A07A5A78033231E6842D0C4 /* [CP] Embed Pods Frameworks */ = {
			isa = PBXShellScriptBuildPhase;
			buildActionMask = 2147483647;
			files = (
			);
			inputPaths = (
			);
			name = "[CP] Embed Pods Frameworks";
			outputPaths = (
			);
			runOnlyForDeploymentPostprocessing = 0;
			shellPath = /bin/sh;
			shellScript = "\"${SRCROOT}/Pods/Target Support Files/Pods-Bibliio/Pods-Bibliio-frameworks.sh\"\n";
			showEnvVarsInLog = 0;
		};
		EE60ED8F5DC23558A815B956 /* [CP] Copy Pods Resources */ = {
			isa = PBXShellScriptBuildPhase;
			buildActionMask = 2147483647;
			files = (
			);
			inputPaths = (
			);
			name = "[CP] Copy Pods Resources";
			outputPaths = (
			);
			runOnlyForDeploymentPostprocessing = 0;
			shellPath = /bin/sh;
			shellScript = "\"${SRCROOT}/Pods/Target Support Files/Pods-Bibliio/Pods-Bibliio-resources.sh\"\n";
			showEnvVarsInLog = 0;
		};
/* End PBXShellScriptBuildPhase section */

/* Begin PBXSourcesBuildPhase section */
		6677765D1DDB65E600142E1E /* Sources */ = {
			isa = PBXSourcesBuildPhase;
			buildActionMask = 2147483647;
			files = (
				667776641DDB65E600142E1E /* BibliioUITests.swift in Sources */,
				6677766C1DDB664800142E1E /* SnapshotHelper.swift in Sources */,
			);
			runOnlyForDeploymentPostprocessing = 0;
		};
		66AE73C11DBFB72F00BC1260 /* Sources */ = {
			isa = PBXSourcesBuildPhase;
			buildActionMask = 2147483647;
			files = (
				664538111DD112E300DB4E5B /* DateFormatter.swift in Sources */,
				6619254B1DDA2495001BDB90 /* Constants.swift in Sources */,
				66AE73F01DBFBDF300BC1260 /* Book.swift in Sources */,
				66A22CED1DCBEBAC008A8077 /* AddBookView.swift in Sources */,
				66FD7F101DCD4C4B003218F7 /* HorizontalSlideAnimationController.swift in Sources */,
				663C00321DD0EF0700AF5B17 /* Device.swift in Sources */,
				66E384011DD6702F0002DA09 /* DateExtensions.swift in Sources */,
				66FD7F041DCCF9FB003218F7 /* SeparatorView.swift in Sources */,
				667DA0A31DC8F1F5003E55F9 /* UIColorExtensions.swift in Sources */,
				66FD7F021DCCF968003218F7 /* BookDetailView.swift in Sources */,
				66F638981DC8F1C200039FB8 /* UIFontExtensions.swift in Sources */,
				66AE73CB1DBFB72F00BC1260 /* AddBookViewController.swift in Sources */,
				667B9BA41DD2899800E8D4A7 /* DayPickerViewController.swift in Sources */,
				66CB697D1DC3E4280054B5DE /* TextField.swift in Sources */,
				66EAB75F1DCBD9B800E9192D /* BaseInputViewController.swift in Sources */,
				66D7F0DF1DC7C8A30098AD2D /* BookListCell.swift in Sources */,
				66D8CEE21DD401C1003EA577 /* BoolObject.swift in Sources */,
				66AE73C91DBFB72F00BC1260 /* AppDelegate.swift in Sources */,
				667B9BA21DD2879D00E8D4A7 /* DatePickerViewController.swift in Sources */,
				66CB697F1DC3E7DB0054B5DE /* BookListViewController.swift in Sources */,
				66FD7F0E1DCD4BAB003218F7 /* NavigationController.swift in Sources */,
				66D7F0DA1DC7C8050098AD2D /* CircularProgressView.swift in Sources */,
				66CB69811DC3E8570054B5DE /* ArchiveViewController.swift in Sources */,
				6667A4F81DD6B28F007F10E8 /* SettingsViewController.swift in Sources */,
				667DA0B01DC94EEA003E55F9 /* VerticalSlideAnimationController.swift in Sources */,
				66FD7F0C1DCD4142003218F7 /* EditScheduleView.swift in Sources */,
				66FDEA541DD6E0510035D1FB /* AboutViewController.swift in Sources */,
				66FD7F0A1DCD4120003218F7 /* EditScheduleViewController.swift in Sources */,
				66BDFFE21DCB958F000F43CC /* BookDetailViewController.swift in Sources */,
			);
			runOnlyForDeploymentPostprocessing = 0;
		};
		66AE73D81DBFB73000BC1260 /* Sources */ = {
			isa = PBXSourcesBuildPhase;
			buildActionMask = 2147483647;
			files = (
				66AE73E11DBFB73000BC1260 /* BiblioTests.swift in Sources */,
			);
			runOnlyForDeploymentPostprocessing = 0;
		};
/* End PBXSourcesBuildPhase section */

/* Begin PBXTargetDependency section */
		667776671DDB65E600142E1E /* PBXTargetDependency */ = {
			isa = PBXTargetDependency;
			target = 66AE73C41DBFB72F00BC1260 /* Bibliio */;
			targetProxy = 667776661DDB65E600142E1E /* PBXContainerItemProxy */;
		};
		66AE73DE1DBFB73000BC1260 /* PBXTargetDependency */ = {
			isa = PBXTargetDependency;
			target = 66AE73C41DBFB72F00BC1260 /* Bibliio */;
			targetProxy = 66AE73DD1DBFB73000BC1260 /* PBXContainerItemProxy */;
		};
/* End PBXTargetDependency section */

/* Begin PBXVariantGroup section */
		66AE73CC1DBFB72F00BC1260 /* Main.storyboard */ = {
			isa = PBXVariantGroup;
			children = (
				66AE73CD1DBFB72F00BC1260 /* Base */,
			);
			name = Main.storyboard;
			sourceTree = "<group>";
		};
		66AE73D41DBFB72F00BC1260 /* LaunchScreen.storyboard */ = {
			isa = PBXVariantGroup;
			children = (
				66AE73D51DBFB72F00BC1260 /* Base */,
			);
			name = LaunchScreen.storyboard;
			sourceTree = "<group>";
		};
/* End PBXVariantGroup section */

/* Begin XCBuildConfiguration section */
		667776681DDB65E600142E1E /* Debug */ = {
			isa = XCBuildConfiguration;
			buildSettings = {
				DEVELOPMENT_TEAM = 3GR96D7Z4R;
				INFOPLIST_FILE = BibliioUITests/Info.plist;
				IPHONEOS_DEPLOYMENT_TARGET = 10.1;
				LD_RUNPATH_SEARCH_PATHS = "$(inherited) @executable_path/Frameworks @loader_path/Frameworks";
				PRODUCT_BUNDLE_IDENTIFIER = com.adamtecle.BibliioUITests;
				PRODUCT_NAME = "$(TARGET_NAME)";
				SWIFT_VERSION = 3.0;
				TEST_TARGET_NAME = Bibliio;
			};
			name = Debug;
		};
		667776691DDB65E600142E1E /* Release */ = {
			isa = XCBuildConfiguration;
			buildSettings = {
				DEVELOPMENT_TEAM = 3GR96D7Z4R;
				INFOPLIST_FILE = BibliioUITests/Info.plist;
				IPHONEOS_DEPLOYMENT_TARGET = 10.1;
				LD_RUNPATH_SEARCH_PATHS = "$(inherited) @executable_path/Frameworks @loader_path/Frameworks";
				PRODUCT_BUNDLE_IDENTIFIER = com.adamtecle.BibliioUITests;
				PRODUCT_NAME = "$(TARGET_NAME)";
				SWIFT_VERSION = 3.0;
				TEST_TARGET_NAME = Bibliio;
			};
			name = Release;
		};
		66AE73E31DBFB73000BC1260 /* Debug */ = {
			isa = XCBuildConfiguration;
			buildSettings = {
				ALWAYS_SEARCH_USER_PATHS = NO;
				CLANG_ANALYZER_NONNULL = YES;
				CLANG_CXX_LANGUAGE_STANDARD = "gnu++0x";
				CLANG_CXX_LIBRARY = "libc++";
				CLANG_ENABLE_MODULES = YES;
				CLANG_ENABLE_OBJC_ARC = YES;
				CLANG_WARN_BOOL_CONVERSION = YES;
				CLANG_WARN_CONSTANT_CONVERSION = YES;
				CLANG_WARN_DIRECT_OBJC_ISA_USAGE = YES_ERROR;
				CLANG_WARN_DOCUMENTATION_COMMENTS = YES;
				CLANG_WARN_EMPTY_BODY = YES;
				CLANG_WARN_ENUM_CONVERSION = YES;
				CLANG_WARN_INFINITE_RECURSION = YES;
				CLANG_WARN_INT_CONVERSION = YES;
				CLANG_WARN_OBJC_ROOT_CLASS = YES_ERROR;
				CLANG_WARN_SUSPICIOUS_MOVE = YES;
				CLANG_WARN_SUSPICIOUS_MOVES = YES;
				CLANG_WARN_UNREACHABLE_CODE = YES;
				CLANG_WARN__DUPLICATE_METHOD_MATCH = YES;
				"CODE_SIGN_IDENTITY[sdk=iphoneos*]" = "iPhone Developer";
				COPY_PHASE_STRIP = NO;
				DEBUG_INFORMATION_FORMAT = dwarf;
				ENABLE_STRICT_OBJC_MSGSEND = YES;
				ENABLE_TESTABILITY = YES;
				GCC_C_LANGUAGE_STANDARD = gnu99;
				GCC_DYNAMIC_NO_PIC = NO;
				GCC_NO_COMMON_BLOCKS = YES;
				GCC_OPTIMIZATION_LEVEL = 0;
				GCC_PREPROCESSOR_DEFINITIONS = (
					"DEBUG=1",
					"$(inherited)",
				);
				GCC_WARN_64_TO_32_BIT_CONVERSION = YES;
				GCC_WARN_ABOUT_RETURN_TYPE = YES_ERROR;
				GCC_WARN_UNDECLARED_SELECTOR = YES;
				GCC_WARN_UNINITIALIZED_AUTOS = YES_AGGRESSIVE;
				GCC_WARN_UNUSED_FUNCTION = YES;
				GCC_WARN_UNUSED_VARIABLE = YES;
				IPHONEOS_DEPLOYMENT_TARGET = 10.0;
				MTL_ENABLE_DEBUG_INFO = YES;
				ONLY_ACTIVE_ARCH = YES;
				SDKROOT = iphoneos;
				SWIFT_ACTIVE_COMPILATION_CONDITIONS = DEBUG;
				SWIFT_OPTIMIZATION_LEVEL = "-Onone";
			};
			name = Debug;
		};
		66AE73E41DBFB73000BC1260 /* Release */ = {
			isa = XCBuildConfiguration;
			buildSettings = {
				ALWAYS_SEARCH_USER_PATHS = NO;
				CLANG_ANALYZER_NONNULL = YES;
				CLANG_CXX_LANGUAGE_STANDARD = "gnu++0x";
				CLANG_CXX_LIBRARY = "libc++";
				CLANG_ENABLE_MODULES = YES;
				CLANG_ENABLE_OBJC_ARC = YES;
				CLANG_WARN_BOOL_CONVERSION = YES;
				CLANG_WARN_CONSTANT_CONVERSION = YES;
				CLANG_WARN_DIRECT_OBJC_ISA_USAGE = YES_ERROR;
				CLANG_WARN_DOCUMENTATION_COMMENTS = YES;
				CLANG_WARN_EMPTY_BODY = YES;
				CLANG_WARN_ENUM_CONVERSION = YES;
				CLANG_WARN_INFINITE_RECURSION = YES;
				CLANG_WARN_INT_CONVERSION = YES;
				CLANG_WARN_OBJC_ROOT_CLASS = YES_ERROR;
				CLANG_WARN_SUSPICIOUS_MOVE = YES;
				CLANG_WARN_SUSPICIOUS_MOVES = YES;
				CLANG_WARN_UNREACHABLE_CODE = YES;
				CLANG_WARN__DUPLICATE_METHOD_MATCH = YES;
				"CODE_SIGN_IDENTITY[sdk=iphoneos*]" = "iPhone Developer";
				COPY_PHASE_STRIP = NO;
				DEBUG_INFORMATION_FORMAT = "dwarf-with-dsym";
				ENABLE_NS_ASSERTIONS = NO;
				ENABLE_STRICT_OBJC_MSGSEND = YES;
				GCC_C_LANGUAGE_STANDARD = gnu99;
				GCC_NO_COMMON_BLOCKS = YES;
				GCC_WARN_64_TO_32_BIT_CONVERSION = YES;
				GCC_WARN_ABOUT_RETURN_TYPE = YES_ERROR;
				GCC_WARN_UNDECLARED_SELECTOR = YES;
				GCC_WARN_UNINITIALIZED_AUTOS = YES_AGGRESSIVE;
				GCC_WARN_UNUSED_FUNCTION = YES;
				GCC_WARN_UNUSED_VARIABLE = YES;
				IPHONEOS_DEPLOYMENT_TARGET = 10.0;
				MTL_ENABLE_DEBUG_INFO = NO;
				SDKROOT = iphoneos;
				SWIFT_OPTIMIZATION_LEVEL = "-Owholemodule";
				VALIDATE_PRODUCT = YES;
			};
			name = Release;
		};
		66AE73E61DBFB73000BC1260 /* Debug */ = {
			isa = XCBuildConfiguration;
			baseConfigurationReference = AC611E58B241C6FFB583805B /* Pods-Bibliio.debug.xcconfig */;
			buildSettings = {
				ALWAYS_EMBED_SWIFT_STANDARD_LIBRARIES = YES;
				ASSETCATALOG_COMPILER_APPICON_NAME = AppIcon;
				"CODE_SIGN_IDENTITY[sdk=iphoneos*]" = "iPhone Distribution";
				DEVELOPMENT_TEAM = 3GR96D7Z4R;
				INFOPLIST_FILE = Biblio/Info.plist;
				LD_RUNPATH_SEARCH_PATHS = "$(inherited) @executable_path/Frameworks";
				PRODUCT_BUNDLE_IDENTIFIER = com.adamtecle.Bibliio;
				PRODUCT_NAME = "$(TARGET_NAME)";
				PROVISIONING_PROFILE = "de1b2096-a46b-4413-a958-3c5c551bc4f1";
				PROVISIONING_PROFILE_SPECIFIER = "XC iOS: com.adamtecle.Bibliio";
				SWIFT_VERSION = 3.0;
			};
			name = Debug;
		};
		66AE73E71DBFB73000BC1260 /* Release */ = {
			isa = XCBuildConfiguration;
			baseConfigurationReference = F55D2FEB0114AD667D4141D5 /* Pods-Bibliio.release.xcconfig */;
			buildSettings = {
				ALWAYS_EMBED_SWIFT_STANDARD_LIBRARIES = YES;
				ASSETCATALOG_COMPILER_APPICON_NAME = AppIcon;
				"CODE_SIGN_IDENTITY[sdk=iphoneos*]" = "iPhone Distribution";
				DEVELOPMENT_TEAM = 3GR96D7Z4R;
				INFOPLIST_FILE = Biblio/Info.plist;
				LD_RUNPATH_SEARCH_PATHS = "$(inherited) @executable_path/Frameworks";
				PRODUCT_BUNDLE_IDENTIFIER = com.adamtecle.Bibliio;
				PRODUCT_NAME = "$(TARGET_NAME)";
				PROVISIONING_PROFILE = "de1b2096-a46b-4413-a958-3c5c551bc4f1";
				PROVISIONING_PROFILE_SPECIFIER = "XC iOS: com.adamtecle.Bibliio";
				SWIFT_VERSION = 3.0;
			};
			name = Release;
		};
		66AE73E91DBFB73000BC1260 /* Debug */ = {
			isa = XCBuildConfiguration;
			buildSettings = {
				ALWAYS_EMBED_SWIFT_STANDARD_LIBRARIES = YES;
				BUNDLE_LOADER = "$(TEST_HOST)";
				DEVELOPMENT_TEAM = 3GR96D7Z4R;
				INFOPLIST_FILE = BiblioTests/Info.plist;
				LD_RUNPATH_SEARCH_PATHS = "$(inherited) @executable_path/Frameworks @loader_path/Frameworks";
				PRODUCT_BUNDLE_IDENTIFIER = com.adamtecle.BiblioTests;
				PRODUCT_NAME = "$(TARGET_NAME)";
				SWIFT_VERSION = 3.0;
				TEST_HOST = "$(BUILT_PRODUCTS_DIR)/Bibliio.app/Bibliio";
			};
			name = Debug;
		};
		66AE73EA1DBFB73000BC1260 /* Release */ = {
			isa = XCBuildConfiguration;
			buildSettings = {
				ALWAYS_EMBED_SWIFT_STANDARD_LIBRARIES = YES;
				BUNDLE_LOADER = "$(TEST_HOST)";
				DEVELOPMENT_TEAM = 3GR96D7Z4R;
				INFOPLIST_FILE = BiblioTests/Info.plist;
				LD_RUNPATH_SEARCH_PATHS = "$(inherited) @executable_path/Frameworks @loader_path/Frameworks";
				PRODUCT_BUNDLE_IDENTIFIER = com.adamtecle.BiblioTests;
				PRODUCT_NAME = "$(TARGET_NAME)";
				SWIFT_VERSION = 3.0;
				TEST_HOST = "$(BUILT_PRODUCTS_DIR)/Bibliio.app/Bibliio";
			};
			name = Release;
		};
/* End XCBuildConfiguration section */

/* Begin XCConfigurationList section */
		6677766A1DDB65E600142E1E /* Build configuration list for PBXNativeTarget "BibliioUITests" */ = {
			isa = XCConfigurationList;
			buildConfigurations = (
				667776681DDB65E600142E1E /* Debug */,
				667776691DDB65E600142E1E /* Release */,
			);
			defaultConfigurationIsVisible = 0;
			defaultConfigurationName = Release;
		};
		66AE73C01DBFB72F00BC1260 /* Build configuration list for PBXProject "Bibliio" */ = {
			isa = XCConfigurationList;
			buildConfigurations = (
				66AE73E31DBFB73000BC1260 /* Debug */,
				66AE73E41DBFB73000BC1260 /* Release */,
			);
			defaultConfigurationIsVisible = 0;
			defaultConfigurationName = Release;
		};
		66AE73E51DBFB73000BC1260 /* Build configuration list for PBXNativeTarget "Bibliio" */ = {
			isa = XCConfigurationList;
			buildConfigurations = (
				66AE73E61DBFB73000BC1260 /* Debug */,
				66AE73E71DBFB73000BC1260 /* Release */,
			);
			defaultConfigurationIsVisible = 0;
			defaultConfigurationName = Release;
		};
		66AE73E81DBFB73000BC1260 /* Build configuration list for PBXNativeTarget "BibliioTests" */ = {
			isa = XCConfigurationList;
			buildConfigurations = (
				66AE73E91DBFB73000BC1260 /* Debug */,
				66AE73EA1DBFB73000BC1260 /* Release */,
			);
			defaultConfigurationIsVisible = 0;
			defaultConfigurationName = Release;
		};
/* End XCConfigurationList section */
	};
	rootObject = 66AE73BD1DBFB72F00BC1260 /* Project object */;
}
