// !$*UTF8*$!
{
	archiveVersion = 1;
	classes = {
	};
	objectVersion = 46;
	objects = {

/* Begin PBXBuildFile section */
		663C00321DD0EF0700AF5B17 /* Device.swift in Sources */ = {isa = PBXBuildFile; fileRef = 663C00311DD0EF0700AF5B17 /* Device.swift */; };
		664538111DD112E300DB4E5B /* DateFormatter.swift in Sources */ = {isa = PBXBuildFile; fileRef = 664538101DD112E300DB4E5B /* DateFormatter.swift */; };
		667B9B9F1DD2554000E8D4A7 /* ReadingGoalCell.swift in Sources */ = {isa = PBXBuildFile; fileRef = 667B9B9D1DD2554000E8D4A7 /* ReadingGoalCell.swift */; };
		667B9BA01DD2554000E8D4A7 /* ReadingGoalCell.xib in Resources */ = {isa = PBXBuildFile; fileRef = 667B9B9E1DD2554000E8D4A7 /* ReadingGoalCell.xib */; };
		667B9BA21DD2879D00E8D4A7 /* DatePickerViewController.swift in Sources */ = {isa = PBXBuildFile; fileRef = 667B9BA11DD2879D00E8D4A7 /* DatePickerViewController.swift */; };
		667B9BA41DD2899800E8D4A7 /* DayPickerViewController.swift in Sources */ = {isa = PBXBuildFile; fileRef = 667B9BA31DD2899800E8D4A7 /* DayPickerViewController.swift */; };
		667DA0A31DC8F1F5003E55F9 /* UIColorExtensions.swift in Sources */ = {isa = PBXBuildFile; fileRef = 667DA0A21DC8F1F5003E55F9 /* UIColorExtensions.swift */; };
		667DA0B01DC94EEA003E55F9 /* VerticalSlideAnimationController.swift in Sources */ = {isa = PBXBuildFile; fileRef = 667DA0AF1DC94EEA003E55F9 /* VerticalSlideAnimationController.swift */; };
		66A22CED1DCBEBAC008A8077 /* AddBookView.swift in Sources */ = {isa = PBXBuildFile; fileRef = 66A22CEC1DCBEBAC008A8077 /* AddBookView.swift */; };
		66AE73C91DBFB72F00BC1260 /* AppDelegate.swift in Sources */ = {isa = PBXBuildFile; fileRef = 66AE73C81DBFB72F00BC1260 /* AppDelegate.swift */; };
		66AE73CB1DBFB72F00BC1260 /* AddBookViewController.swift in Sources */ = {isa = PBXBuildFile; fileRef = 66AE73CA1DBFB72F00BC1260 /* AddBookViewController.swift */; };
		66AE73CE1DBFB72F00BC1260 /* Main.storyboard in Resources */ = {isa = PBXBuildFile; fileRef = 66AE73CC1DBFB72F00BC1260 /* Main.storyboard */; };
		66AE73D31DBFB72F00BC1260 /* Assets.xcassets in Resources */ = {isa = PBXBuildFile; fileRef = 66AE73D21DBFB72F00BC1260 /* Assets.xcassets */; };
		66AE73D61DBFB72F00BC1260 /* LaunchScreen.storyboard in Resources */ = {isa = PBXBuildFile; fileRef = 66AE73D41DBFB72F00BC1260 /* LaunchScreen.storyboard */; };
		66AE73E11DBFB73000BC1260 /* BiblioTests.swift in Sources */ = {isa = PBXBuildFile; fileRef = 66AE73E01DBFB73000BC1260 /* BiblioTests.swift */; };
		66AE73F01DBFBDF300BC1260 /* Book.swift in Sources */ = {isa = PBXBuildFile; fileRef = 66AE73EF1DBFBDF300BC1260 /* Book.swift */; };
		66AE73F21DBFBDFE00BC1260 /* Progress.swift in Sources */ = {isa = PBXBuildFile; fileRef = 66AE73F11DBFBDFE00BC1260 /* Progress.swift */; };
		66BDFFE21DCB958F000F43CC /* BookDetailViewController.swift in Sources */ = {isa = PBXBuildFile; fileRef = 66BDFFE11DCB958F000F43CC /* BookDetailViewController.swift */; };
		66CB697D1DC3E4280054B5DE /* TextField.swift in Sources */ = {isa = PBXBuildFile; fileRef = 66CB697C1DC3E4280054B5DE /* TextField.swift */; };
		66CB697F1DC3E7DB0054B5DE /* BookListViewController.swift in Sources */ = {isa = PBXBuildFile; fileRef = 66CB697E1DC3E7DB0054B5DE /* BookListViewController.swift */; };
		66CB69811DC3E8570054B5DE /* ArchiveViewController.swift in Sources */ = {isa = PBXBuildFile; fileRef = 66CB69801DC3E8570054B5DE /* ArchiveViewController.swift */; };
		66D7F0DA1DC7C8050098AD2D /* CircularProgressView.swift in Sources */ = {isa = PBXBuildFile; fileRef = 66D7F0D91DC7C8050098AD2D /* CircularProgressView.swift */; };
		66D7F0DF1DC7C8A30098AD2D /* BookListCell.swift in Sources */ = {isa = PBXBuildFile; fileRef = 66D7F0DD1DC7C8A30098AD2D /* BookListCell.swift */; };
		66D7F0E01DC7C8A30098AD2D /* BookListCell.xib in Resources */ = {isa = PBXBuildFile; fileRef = 66D7F0DE1DC7C8A30098AD2D /* BookListCell.xib */; };
		66D7F0E71DC8E3E90098AD2D /* ArrayExtensions.swift in Sources */ = {isa = PBXBuildFile; fileRef = 66D7F0E61DC8E3E90098AD2D /* ArrayExtensions.swift */; };
		66EAB75F1DCBD9B800E9192D /* BaseInputViewController.swift in Sources */ = {isa = PBXBuildFile; fileRef = 66EAB75E1DCBD9B800E9192D /* BaseInputViewController.swift */; };
		66F638981DC8F1C200039FB8 /* UIFontExtensions.swift in Sources */ = {isa = PBXBuildFile; fileRef = 66F638971DC8F1C200039FB8 /* UIFontExtensions.swift */; };
		66FD7F021DCCF968003218F7 /* BookDetailView.swift in Sources */ = {isa = PBXBuildFile; fileRef = 66FD7F011DCCF968003218F7 /* BookDetailView.swift */; };
		66FD7F041DCCF9FB003218F7 /* SeparatorView.swift in Sources */ = {isa = PBXBuildFile; fileRef = 66FD7F031DCCF9FB003218F7 /* SeparatorView.swift */; };
		66FD7F0A1DCD4120003218F7 /* EditScheduleViewController.swift in Sources */ = {isa = PBXBuildFile; fileRef = 66FD7F091DCD4120003218F7 /* EditScheduleViewController.swift */; };
		66FD7F0C1DCD4142003218F7 /* EditScheduleView.swift in Sources */ = {isa = PBXBuildFile; fileRef = 66FD7F0B1DCD4142003218F7 /* EditScheduleView.swift */; };
		66FD7F0E1DCD4BAB003218F7 /* NavigationController.swift in Sources */ = {isa = PBXBuildFile; fileRef = 66FD7F0D1DCD4BAB003218F7 /* NavigationController.swift */; };
		66FD7F101DCD4C4B003218F7 /* HorizontalSlideAnimationController.swift in Sources */ = {isa = PBXBuildFile; fileRef = 66FD7F0F1DCD4C4B003218F7 /* HorizontalSlideAnimationController.swift */; };
		9CEE82EDBB2A860C1ABF06D3 /* Pods_Biblio.framework in Frameworks */ = {isa = PBXBuildFile; fileRef = CAAF77AB82E3280CFA74B4DF /* Pods_Biblio.framework */; };
/* End PBXBuildFile section */

/* Begin PBXContainerItemProxy section */
		66AE73DD1DBFB73000BC1260 /* PBXContainerItemProxy */ = {
			isa = PBXContainerItemProxy;
			containerPortal = 66AE73BD1DBFB72F00BC1260 /* Project object */;
			proxyType = 1;
			remoteGlobalIDString = 66AE73C41DBFB72F00BC1260;
			remoteInfo = Biblio;
		};
/* End PBXContainerItemProxy section */

/* Begin PBXFileReference section */
		663C00311DD0EF0700AF5B17 /* Device.swift */ = {isa = PBXFileReference; fileEncoding = 4; lastKnownFileType = sourcecode.swift; path = Device.swift; sourceTree = "<group>"; };
		664538101DD112E300DB4E5B /* DateFormatter.swift */ = {isa = PBXFileReference; fileEncoding = 4; lastKnownFileType = sourcecode.swift; path = DateFormatter.swift; sourceTree = "<group>"; };
		667B9B9D1DD2554000E8D4A7 /* ReadingGoalCell.swift */ = {isa = PBXFileReference; fileEncoding = 4; lastKnownFileType = sourcecode.swift; path = ReadingGoalCell.swift; sourceTree = "<group>"; };
		667B9B9E1DD2554000E8D4A7 /* ReadingGoalCell.xib */ = {isa = PBXFileReference; fileEncoding = 4; lastKnownFileType = file.xib; path = ReadingGoalCell.xib; sourceTree = "<group>"; };
		667B9BA11DD2879D00E8D4A7 /* DatePickerViewController.swift */ = {isa = PBXFileReference; fileEncoding = 4; lastKnownFileType = sourcecode.swift; path = DatePickerViewController.swift; sourceTree = "<group>"; };
		667B9BA31DD2899800E8D4A7 /* DayPickerViewController.swift */ = {isa = PBXFileReference; fileEncoding = 4; lastKnownFileType = sourcecode.swift; path = DayPickerViewController.swift; sourceTree = "<group>"; };
		667DA0A21DC8F1F5003E55F9 /* UIColorExtensions.swift */ = {isa = PBXFileReference; fileEncoding = 4; lastKnownFileType = sourcecode.swift; path = UIColorExtensions.swift; sourceTree = "<group>"; };
		667DA0AF1DC94EEA003E55F9 /* VerticalSlideAnimationController.swift */ = {isa = PBXFileReference; fileEncoding = 4; lastKnownFileType = sourcecode.swift; path = VerticalSlideAnimationController.swift; sourceTree = "<group>"; };
		66A22CEC1DCBEBAC008A8077 /* AddBookView.swift */ = {isa = PBXFileReference; fileEncoding = 4; lastKnownFileType = sourcecode.swift; path = AddBookView.swift; sourceTree = "<group>"; };
		66AE73C51DBFB72F00BC1260 /* Biblio.app */ = {isa = PBXFileReference; explicitFileType = wrapper.application; includeInIndex = 0; path = Biblio.app; sourceTree = BUILT_PRODUCTS_DIR; };
		66AE73C81DBFB72F00BC1260 /* AppDelegate.swift */ = {isa = PBXFileReference; lastKnownFileType = sourcecode.swift; path = AppDelegate.swift; sourceTree = "<group>"; };
		66AE73CA1DBFB72F00BC1260 /* AddBookViewController.swift */ = {isa = PBXFileReference; lastKnownFileType = sourcecode.swift; path = AddBookViewController.swift; sourceTree = "<group>"; };
		66AE73CD1DBFB72F00BC1260 /* Base */ = {isa = PBXFileReference; lastKnownFileType = file.storyboard; name = Base; path = Base.lproj/Main.storyboard; sourceTree = "<group>"; };
		66AE73D21DBFB72F00BC1260 /* Assets.xcassets */ = {isa = PBXFileReference; lastKnownFileType = folder.assetcatalog; path = Assets.xcassets; sourceTree = "<group>"; };
		66AE73D51DBFB72F00BC1260 /* Base */ = {isa = PBXFileReference; lastKnownFileType = file.storyboard; name = Base; path = Base.lproj/LaunchScreen.storyboard; sourceTree = "<group>"; };
		66AE73D71DBFB72F00BC1260 /* Info.plist */ = {isa = PBXFileReference; lastKnownFileType = text.plist.xml; path = Info.plist; sourceTree = "<group>"; };
		66AE73DC1DBFB73000BC1260 /* BiblioTests.xctest */ = {isa = PBXFileReference; explicitFileType = wrapper.cfbundle; includeInIndex = 0; path = BiblioTests.xctest; sourceTree = BUILT_PRODUCTS_DIR; };
		66AE73E01DBFB73000BC1260 /* BiblioTests.swift */ = {isa = PBXFileReference; lastKnownFileType = sourcecode.swift; path = BiblioTests.swift; sourceTree = "<group>"; };
		66AE73E21DBFB73000BC1260 /* Info.plist */ = {isa = PBXFileReference; lastKnownFileType = text.plist.xml; path = Info.plist; sourceTree = "<group>"; };
		66AE73EF1DBFBDF300BC1260 /* Book.swift */ = {isa = PBXFileReference; fileEncoding = 4; lastKnownFileType = sourcecode.swift; path = Book.swift; sourceTree = "<group>"; };
		66AE73F11DBFBDFE00BC1260 /* Progress.swift */ = {isa = PBXFileReference; fileEncoding = 4; lastKnownFileType = sourcecode.swift; path = Progress.swift; sourceTree = "<group>"; };
		66BDFFE11DCB958F000F43CC /* BookDetailViewController.swift */ = {isa = PBXFileReference; fileEncoding = 4; lastKnownFileType = sourcecode.swift; path = BookDetailViewController.swift; sourceTree = "<group>"; };
		66CB697C1DC3E4280054B5DE /* TextField.swift */ = {isa = PBXFileReference; fileEncoding = 4; lastKnownFileType = sourcecode.swift; path = TextField.swift; sourceTree = "<group>"; };
		66CB697E1DC3E7DB0054B5DE /* BookListViewController.swift */ = {isa = PBXFileReference; fileEncoding = 4; lastKnownFileType = sourcecode.swift; path = BookListViewController.swift; sourceTree = "<group>"; };
		66CB69801DC3E8570054B5DE /* ArchiveViewController.swift */ = {isa = PBXFileReference; fileEncoding = 4; lastKnownFileType = sourcecode.swift; path = ArchiveViewController.swift; sourceTree = "<group>"; };
		66D7F0D91DC7C8050098AD2D /* CircularProgressView.swift */ = {isa = PBXFileReference; fileEncoding = 4; lastKnownFileType = sourcecode.swift; path = CircularProgressView.swift; sourceTree = "<group>"; };
		66D7F0DD1DC7C8A30098AD2D /* BookListCell.swift */ = {isa = PBXFileReference; fileEncoding = 4; lastKnownFileType = sourcecode.swift; path = BookListCell.swift; sourceTree = "<group>"; };
		66D7F0DE1DC7C8A30098AD2D /* BookListCell.xib */ = {isa = PBXFileReference; fileEncoding = 4; lastKnownFileType = file.xib; path = BookListCell.xib; sourceTree = "<group>"; };
		66D7F0E61DC8E3E90098AD2D /* ArrayExtensions.swift */ = {isa = PBXFileReference; fileEncoding = 4; lastKnownFileType = sourcecode.swift; path = ArrayExtensions.swift; sourceTree = "<group>"; };
		66EAB75E1DCBD9B800E9192D /* BaseInputViewController.swift */ = {isa = PBXFileReference; fileEncoding = 4; lastKnownFileType = sourcecode.swift; path = BaseInputViewController.swift; sourceTree = "<group>"; };
		66F638971DC8F1C200039FB8 /* UIFontExtensions.swift */ = {isa = PBXFileReference; fileEncoding = 4; lastKnownFileType = sourcecode.swift; path = UIFontExtensions.swift; sourceTree = "<group>"; };
		66FD7F011DCCF968003218F7 /* BookDetailView.swift */ = {isa = PBXFileReference; fileEncoding = 4; lastKnownFileType = sourcecode.swift; path = BookDetailView.swift; sourceTree = "<group>"; };
		66FD7F031DCCF9FB003218F7 /* SeparatorView.swift */ = {isa = PBXFileReference; fileEncoding = 4; lastKnownFileType = sourcecode.swift; path = SeparatorView.swift; sourceTree = "<group>"; };
		66FD7F091DCD4120003218F7 /* EditScheduleViewController.swift */ = {isa = PBXFileReference; fileEncoding = 4; lastKnownFileType = sourcecode.swift; path = EditScheduleViewController.swift; sourceTree = "<group>"; };
		66FD7F0B1DCD4142003218F7 /* EditScheduleView.swift */ = {isa = PBXFileReference; fileEncoding = 4; lastKnownFileType = sourcecode.swift; path = EditScheduleView.swift; sourceTree = "<group>"; };
		66FD7F0D1DCD4BAB003218F7 /* NavigationController.swift */ = {isa = PBXFileReference; fileEncoding = 4; lastKnownFileType = sourcecode.swift; path = NavigationController.swift; sourceTree = "<group>"; };
		66FD7F0F1DCD4C4B003218F7 /* HorizontalSlideAnimationController.swift */ = {isa = PBXFileReference; fileEncoding = 4; lastKnownFileType = sourcecode.swift; path = HorizontalSlideAnimationController.swift; sourceTree = "<group>"; };
		71C46E5F82BFFC4D7F8237E1 /* Pods-Biblio.release.xcconfig */ = {isa = PBXFileReference; includeInIndex = 1; lastKnownFileType = text.xcconfig; name = "Pods-Biblio.release.xcconfig"; path = "Pods/Target Support Files/Pods-Biblio/Pods-Biblio.release.xcconfig"; sourceTree = "<group>"; };
		CAAF77AB82E3280CFA74B4DF /* Pods_Biblio.framework */ = {isa = PBXFileReference; explicitFileType = wrapper.framework; includeInIndex = 0; path = Pods_Biblio.framework; sourceTree = BUILT_PRODUCTS_DIR; };
		DF7921EC217887B3EF8A8454 /* Pods-Biblio.debug.xcconfig */ = {isa = PBXFileReference; includeInIndex = 1; lastKnownFileType = text.xcconfig; name = "Pods-Biblio.debug.xcconfig"; path = "Pods/Target Support Files/Pods-Biblio/Pods-Biblio.debug.xcconfig"; sourceTree = "<group>"; };
/* End PBXFileReference section */

/* Begin PBXFrameworksBuildPhase section */
		66AE73C21DBFB72F00BC1260 /* Frameworks */ = {
			isa = PBXFrameworksBuildPhase;
			buildActionMask = 2147483647;
			files = (
				9CEE82EDBB2A860C1ABF06D3 /* Pods_Biblio.framework in Frameworks */,
			);
			runOnlyForDeploymentPostprocessing = 0;
		};
		66AE73D91DBFB73000BC1260 /* Frameworks */ = {
			isa = PBXFrameworksBuildPhase;
			buildActionMask = 2147483647;
			files = (
			);
			runOnlyForDeploymentPostprocessing = 0;
		};
/* End PBXFrameworksBuildPhase section */

/* Begin PBXGroup section */
		663BB5501DCF9AB80029AD9B /* ViewModel */ = {
			isa = PBXGroup;
			children = (
			);
			name = ViewModel;
			sourceTree = "<group>";
		};
		66AE73BC1DBFB72F00BC1260 = {
			isa = PBXGroup;
			children = (
				66AE73C71DBFB72F00BC1260 /* Biblio */,
				66AE73DF1DBFB73000BC1260 /* BiblioTests */,
				66AE73C61DBFB72F00BC1260 /* Products */,
				D6937A0764230BFF8ABF504F /* Pods */,
				9DEA2B4D49198B4703D6B44E /* Frameworks */,
			);
			sourceTree = "<group>";
		};
		66AE73C61DBFB72F00BC1260 /* Products */ = {
			isa = PBXGroup;
			children = (
				66AE73C51DBFB72F00BC1260 /* Biblio.app */,
				66AE73DC1DBFB73000BC1260 /* BiblioTests.xctest */,
			);
			name = Products;
			sourceTree = "<group>";
		};
		66AE73C71DBFB72F00BC1260 /* Biblio */ = {
			isa = PBXGroup;
			children = (
				66D7F0E11DC818100098AD2D /* Resources */,
				66AE73EB1DBFBDA300BC1260 /* Model */,
				663BB5501DCF9AB80029AD9B /* ViewModel */,
				66AE73ED1DBFBDB000BC1260 /* View */,
				66AE73EE1DBFBDBE00BC1260 /* Supporting Files */,
			);
			path = Biblio;
			sourceTree = "<group>";
		};
		66AE73DF1DBFB73000BC1260 /* BiblioTests */ = {
			isa = PBXGroup;
			children = (
				66AE73E01DBFB73000BC1260 /* BiblioTests.swift */,
				66AE73E21DBFB73000BC1260 /* Info.plist */,
			);
			path = BiblioTests;
			sourceTree = "<group>";
		};
		66AE73EB1DBFBDA300BC1260 /* Model */ = {
			isa = PBXGroup;
			children = (
				66AE73EF1DBFBDF300BC1260 /* Book.swift */,
				66AE73F11DBFBDFE00BC1260 /* Progress.swift */,
			);
			name = Model;
			sourceTree = "<group>";
		};
		66AE73EC1DBFBDA900BC1260 /* View Controllers */ = {
			isa = PBXGroup;
			children = (
				66AE73CC1DBFB72F00BC1260 /* Main.storyboard */,
				66AE73CA1DBFB72F00BC1260 /* AddBookViewController.swift */,
				66CB697E1DC3E7DB0054B5DE /* BookListViewController.swift */,
				66CB69801DC3E8570054B5DE /* ArchiveViewController.swift */,
				66BDFFE11DCB958F000F43CC /* BookDetailViewController.swift */,
				66EAB75E1DCBD9B800E9192D /* BaseInputViewController.swift */,
				66FD7F091DCD4120003218F7 /* EditScheduleViewController.swift */,
				66FD7F0D1DCD4BAB003218F7 /* NavigationController.swift */,
				667B9BA11DD2879D00E8D4A7 /* DatePickerViewController.swift */,
				667B9BA31DD2899800E8D4A7 /* DayPickerViewController.swift */,
			);
			name = "View Controllers";
			sourceTree = "<group>";
		};
		66AE73ED1DBFBDB000BC1260 /* View */ = {
			isa = PBXGroup;
			children = (
				66AE73EC1DBFBDA900BC1260 /* View Controllers */,
				66CB69821DC3F1E50054B5DE /* Cells */,
				66D7F0D91DC7C8050098AD2D /* CircularProgressView.swift */,
				66CB697C1DC3E4280054B5DE /* TextField.swift */,
				66A22CEC1DCBEBAC008A8077 /* AddBookView.swift */,
				66FD7F011DCCF968003218F7 /* BookDetailView.swift */,
				66FD7F031DCCF9FB003218F7 /* SeparatorView.swift */,
				66FD7F0B1DCD4142003218F7 /* EditScheduleView.swift */,
			);
			name = View;
			sourceTree = "<group>";
		};
		66AE73EE1DBFBDBE00BC1260 /* Supporting Files */ = {
			isa = PBXGroup;
			children = (
				66AE73D41DBFB72F00BC1260 /* LaunchScreen.storyboard */,
				66AE73D71DBFB72F00BC1260 /* Info.plist */,
				66AE73D21DBFB72F00BC1260 /* Assets.xcassets */,
				66AE73C81DBFB72F00BC1260 /* AppDelegate.swift */,
			);
			name = "Supporting Files";
			sourceTree = "<group>";
		};
		66CB69821DC3F1E50054B5DE /* Cells */ = {
			isa = PBXGroup;
			children = (
				66D7F0DD1DC7C8A30098AD2D /* BookListCell.swift */,
				66D7F0DE1DC7C8A30098AD2D /* BookListCell.xib */,
				667B9B9D1DD2554000E8D4A7 /* ReadingGoalCell.swift */,
				667B9B9E1DD2554000E8D4A7 /* ReadingGoalCell.xib */,
			);
			name = Cells;
			sourceTree = "<group>";
		};
		66D7F0E11DC818100098AD2D /* Resources */ = {
			isa = PBXGroup;
			children = (
				66D7F0E51DC8E3D00098AD2D /* Extensions */,
				667DA0AF1DC94EEA003E55F9 /* VerticalSlideAnimationController.swift */,
				66FD7F0F1DCD4C4B003218F7 /* HorizontalSlideAnimationController.swift */,
				663C00311DD0EF0700AF5B17 /* Device.swift */,
			);
			name = Resources;
			sourceTree = "<group>";
		};
		66D7F0E51DC8E3D00098AD2D /* Extensions */ = {
			isa = PBXGroup;
			children = (
				66D7F0E61DC8E3E90098AD2D /* ArrayExtensions.swift */,
				66F638971DC8F1C200039FB8 /* UIFontExtensions.swift */,
				667DA0A21DC8F1F5003E55F9 /* UIColorExtensions.swift */,
				664538101DD112E300DB4E5B /* DateFormatter.swift */,
			);
			name = Extensions;
			sourceTree = "<group>";
		};
		9DEA2B4D49198B4703D6B44E /* Frameworks */ = {
			isa = PBXGroup;
			children = (
				CAAF77AB82E3280CFA74B4DF /* Pods_Biblio.framework */,
			);
			name = Frameworks;
			sourceTree = "<group>";
		};
		D6937A0764230BFF8ABF504F /* Pods */ = {
			isa = PBXGroup;
			children = (
				DF7921EC217887B3EF8A8454 /* Pods-Biblio.debug.xcconfig */,
				71C46E5F82BFFC4D7F8237E1 /* Pods-Biblio.release.xcconfig */,
			);
			name = Pods;
			sourceTree = "<group>";
		};
/* End PBXGroup section */

/* Begin PBXNativeTarget section */
		66AE73C41DBFB72F00BC1260 /* Biblio */ = {
			isa = PBXNativeTarget;
			buildConfigurationList = 66AE73E51DBFB73000BC1260 /* Build configuration list for PBXNativeTarget "Biblio" */;
			buildPhases = (
				C4E45832F8B4F2A79A9E35FE /* [CP] Check Pods Manifest.lock */,
				66AE73C11DBFB72F00BC1260 /* Sources */,
				66AE73C21DBFB72F00BC1260 /* Frameworks */,
				66AE73C31DBFB72F00BC1260 /* Resources */,
				EA6A15B89794B5DC34DEA1FB /* [CP] Embed Pods Frameworks */,
				20772543CC18DED30935B18C /* [CP] Copy Pods Resources */,
			);
			buildRules = (
			);
			dependencies = (
			);
			name = Biblio;
			productName = Biblio;
			productReference = 66AE73C51DBFB72F00BC1260 /* Biblio.app */;
			productType = "com.apple.product-type.application";
		};
		66AE73DB1DBFB73000BC1260 /* BiblioTests */ = {
			isa = PBXNativeTarget;
			buildConfigurationList = 66AE73E81DBFB73000BC1260 /* Build configuration list for PBXNativeTarget "BiblioTests" */;
			buildPhases = (
				66AE73D81DBFB73000BC1260 /* Sources */,
				66AE73D91DBFB73000BC1260 /* Frameworks */,
				66AE73DA1DBFB73000BC1260 /* Resources */,
			);
			buildRules = (
			);
			dependencies = (
				66AE73DE1DBFB73000BC1260 /* PBXTargetDependency */,
			);
			name = BiblioTests;
			productName = BiblioTests;
			productReference = 66AE73DC1DBFB73000BC1260 /* BiblioTests.xctest */;
			productType = "com.apple.product-type.bundle.unit-test";
		};
/* End PBXNativeTarget section */

/* Begin PBXProject section */
		66AE73BD1DBFB72F00BC1260 /* Project object */ = {
			isa = PBXProject;
			attributes = {
				LastSwiftUpdateCheck = 0800;
				LastUpgradeCheck = 0810;
				ORGANIZATIONNAME = "Adam Tecle";
				TargetAttributes = {
					66AE73C41DBFB72F00BC1260 = {
						CreatedOnToolsVersion = 8.0;
						DevelopmentTeam = 3GR96D7Z4R;
						ProvisioningStyle = Automatic;
					};
					66AE73DB1DBFB73000BC1260 = {
						CreatedOnToolsVersion = 8.0;
						DevelopmentTeam = 3GR96D7Z4R;
						ProvisioningStyle = Automatic;
						TestTargetID = 66AE73C41DBFB72F00BC1260;
					};
				};
			};
			buildConfigurationList = 66AE73C01DBFB72F00BC1260 /* Build configuration list for PBXProject "Biblio" */;
			compatibilityVersion = "Xcode 3.2";
			developmentRegion = English;
			hasScannedForEncodings = 0;
			knownRegions = (
				en,
				Base,
			);
			mainGroup = 66AE73BC1DBFB72F00BC1260;
			productRefGroup = 66AE73C61DBFB72F00BC1260 /* Products */;
			projectDirPath = "";
			projectRoot = "";
			targets = (
				66AE73C41DBFB72F00BC1260 /* Biblio */,
				66AE73DB1DBFB73000BC1260 /* BiblioTests */,
			);
		};
/* End PBXProject section */

/* Begin PBXResourcesBuildPhase section */
		66AE73C31DBFB72F00BC1260 /* Resources */ = {
			isa = PBXResourcesBuildPhase;
			buildActionMask = 2147483647;
			files = (
				66AE73D61DBFB72F00BC1260 /* LaunchScreen.storyboard in Resources */,
				667B9BA01DD2554000E8D4A7 /* ReadingGoalCell.xib in Resources */,
				66AE73D31DBFB72F00BC1260 /* Assets.xcassets in Resources */,
				66D7F0E01DC7C8A30098AD2D /* BookListCell.xib in Resources */,
				66AE73CE1DBFB72F00BC1260 /* Main.storyboard in Resources */,
			);
			runOnlyForDeploymentPostprocessing = 0;
		};
		66AE73DA1DBFB73000BC1260 /* Resources */ = {
			isa = PBXResourcesBuildPhase;
			buildActionMask = 2147483647;
			files = (
			);
			runOnlyForDeploymentPostprocessing = 0;
		};
/* End PBXResourcesBuildPhase section */

/* Begin PBXShellScriptBuildPhase section */
		20772543CC18DED30935B18C /* [CP] Copy Pods Resources */ = {
			isa = PBXShellScriptBuildPhase;
			buildActionMask = 2147483647;
			files = (
			);
			inputPaths = (
			);
			name = "[CP] Copy Pods Resources";
			outputPaths = (
			);
			runOnlyForDeploymentPostprocessing = 0;
			shellPath = /bin/sh;
			shellScript = "\"${SRCROOT}/Pods/Target Support Files/Pods-Biblio/Pods-Biblio-resources.sh\"\n";
			showEnvVarsInLog = 0;
		};
		C4E45832F8B4F2A79A9E35FE /* [CP] Check Pods Manifest.lock */ = {
			isa = PBXShellScriptBuildPhase;
			buildActionMask = 2147483647;
			files = (
			);
			inputPaths = (
			);
			name = "[CP] Check Pods Manifest.lock";
			outputPaths = (
			);
			runOnlyForDeploymentPostprocessing = 0;
			shellPath = /bin/sh;
			shellScript = "diff \"${PODS_ROOT}/../Podfile.lock\" \"${PODS_ROOT}/Manifest.lock\" > /dev/null\nif [ $? != 0 ] ; then\n    # print error to STDERR\n    echo \"error: The sandbox is not in sync with the Podfile.lock. Run 'pod install' or update your CocoaPods installation.\" >&2\n    exit 1\nfi\n";
			showEnvVarsInLog = 0;
		};
		EA6A15B89794B5DC34DEA1FB /* [CP] Embed Pods Frameworks */ = {
			isa = PBXShellScriptBuildPhase;
			buildActionMask = 2147483647;
			files = (
			);
			inputPaths = (
			);
			name = "[CP] Embed Pods Frameworks";
			outputPaths = (
			);
			runOnlyForDeploymentPostprocessing = 0;
			shellPath = /bin/sh;
			shellScript = "\"${SRCROOT}/Pods/Target Support Files/Pods-Biblio/Pods-Biblio-frameworks.sh\"\n";
			showEnvVarsInLog = 0;
		};
/* End PBXShellScriptBuildPhase section */

/* Begin PBXSourcesBuildPhase section */
		66AE73C11DBFB72F00BC1260 /* Sources */ = {
			isa = PBXSourcesBuildPhase;
			buildActionMask = 2147483647;
			files = (
				664538111DD112E300DB4E5B /* DateFormatter.swift in Sources */,
				66AE73F01DBFBDF300BC1260 /* Book.swift in Sources */,
				66A22CED1DCBEBAC008A8077 /* AddBookView.swift in Sources */,
				66FD7F101DCD4C4B003218F7 /* HorizontalSlideAnimationController.swift in Sources */,
				663C00321DD0EF0700AF5B17 /* Device.swift in Sources */,
				66FD7F041DCCF9FB003218F7 /* SeparatorView.swift in Sources */,
				667DA0A31DC8F1F5003E55F9 /* UIColorExtensions.swift in Sources */,
				66AE73F21DBFBDFE00BC1260 /* Progress.swift in Sources */,
				66FD7F021DCCF968003218F7 /* BookDetailView.swift in Sources */,
				66F638981DC8F1C200039FB8 /* UIFontExtensions.swift in Sources */,
				66AE73CB1DBFB72F00BC1260 /* AddBookViewController.swift in Sources */,
				667B9BA41DD2899800E8D4A7 /* DayPickerViewController.swift in Sources */,
				66CB697D1DC3E4280054B5DE /* TextField.swift in Sources */,
				66EAB75F1DCBD9B800E9192D /* BaseInputViewController.swift in Sources */,
				66D7F0DF1DC7C8A30098AD2D /* BookListCell.swift in Sources */,
				66AE73C91DBFB72F00BC1260 /* AppDelegate.swift in Sources */,
				66D7F0E71DC8E3E90098AD2D /* ArrayExtensions.swift in Sources */,
				667B9B9F1DD2554000E8D4A7 /* ReadingGoalCell.swift in Sources */,
				667B9BA21DD2879D00E8D4A7 /* DatePickerViewController.swift in Sources */,
				66CB697F1DC3E7DB0054B5DE /* BookListViewController.swift in Sources */,
				66FD7F0E1DCD4BAB003218F7 /* NavigationController.swift in Sources */,
				66D7F0DA1DC7C8050098AD2D /* CircularProgressView.swift in Sources */,
				66CB69811DC3E8570054B5DE /* ArchiveViewController.swift in Sources */,
				667DA0B01DC94EEA003E55F9 /* VerticalSlideAnimationController.swift in Sources */,
				66FD7F0C1DCD4142003218F7 /* EditScheduleView.swift in Sources */,
				66FD7F0A1DCD4120003218F7 /* EditScheduleViewController.swift in Sources */,
				66BDFFE21DCB958F000F43CC /* BookDetailViewController.swift in Sources */,
			);
			runOnlyForDeploymentPostprocessing = 0;
		};
		66AE73D81DBFB73000BC1260 /* Sources */ = {
			isa = PBXSourcesBuildPhase;
			buildActionMask = 2147483647;
			files = (
				66AE73E11DBFB73000BC1260 /* BiblioTests.swift in Sources */,
			);
			runOnlyForDeploymentPostprocessing = 0;
		};
/* End PBXSourcesBuildPhase section */

/* Begin PBXTargetDependency section */
		66AE73DE1DBFB73000BC1260 /* PBXTargetDependency */ = {
			isa = PBXTargetDependency;
			target = 66AE73C41DBFB72F00BC1260 /* Biblio */;
			targetProxy = 66AE73DD1DBFB73000BC1260 /* PBXContainerItemProxy */;
		};
/* End PBXTargetDependency section */

/* Begin PBXVariantGroup section */
		66AE73CC1DBFB72F00BC1260 /* Main.storyboard */ = {
			isa = PBXVariantGroup;
			children = (
				66AE73CD1DBFB72F00BC1260 /* Base */,
			);
			name = Main.storyboard;
			sourceTree = "<group>";
		};
		66AE73D41DBFB72F00BC1260 /* LaunchScreen.storyboard */ = {
			isa = PBXVariantGroup;
			children = (
				66AE73D51DBFB72F00BC1260 /* Base */,
			);
			name = LaunchScreen.storyboard;
			sourceTree = "<group>";
		};
/* End PBXVariantGroup section */

/* Begin XCBuildConfiguration section */
		66AE73E31DBFB73000BC1260 /* Debug */ = {
			isa = XCBuildConfiguration;
			buildSettings = {
				ALWAYS_SEARCH_USER_PATHS = NO;
				CLANG_ANALYZER_NONNULL = YES;
				CLANG_CXX_LANGUAGE_STANDARD = "gnu++0x";
				CLANG_CXX_LIBRARY = "libc++";
				CLANG_ENABLE_MODULES = YES;
				CLANG_ENABLE_OBJC_ARC = YES;
				CLANG_WARN_BOOL_CONVERSION = YES;
				CLANG_WARN_CONSTANT_CONVERSION = YES;
				CLANG_WARN_DIRECT_OBJC_ISA_USAGE = YES_ERROR;
				CLANG_WARN_DOCUMENTATION_COMMENTS = YES;
				CLANG_WARN_EMPTY_BODY = YES;
				CLANG_WARN_ENUM_CONVERSION = YES;
				CLANG_WARN_INFINITE_RECURSION = YES;
				CLANG_WARN_INT_CONVERSION = YES;
				CLANG_WARN_OBJC_ROOT_CLASS = YES_ERROR;
				CLANG_WARN_SUSPICIOUS_MOVE = YES;
				CLANG_WARN_SUSPICIOUS_MOVES = YES;
				CLANG_WARN_UNREACHABLE_CODE = YES;
				CLANG_WARN__DUPLICATE_METHOD_MATCH = YES;
				"CODE_SIGN_IDENTITY[sdk=iphoneos*]" = "iPhone Developer";
				COPY_PHASE_STRIP = NO;
				DEBUG_INFORMATION_FORMAT = dwarf;
				ENABLE_STRICT_OBJC_MSGSEND = YES;
				ENABLE_TESTABILITY = YES;
				GCC_C_LANGUAGE_STANDARD = gnu99;
				GCC_DYNAMIC_NO_PIC = NO;
				GCC_NO_COMMON_BLOCKS = YES;
				GCC_OPTIMIZATION_LEVEL = 0;
				GCC_PREPROCESSOR_DEFINITIONS = (
					"DEBUG=1",
					"$(inherited)",
				);
				GCC_WARN_64_TO_32_BIT_CONVERSION = YES;
				GCC_WARN_ABOUT_RETURN_TYPE = YES_ERROR;
				GCC_WARN_UNDECLARED_SELECTOR = YES;
				GCC_WARN_UNINITIALIZED_AUTOS = YES_AGGRESSIVE;
				GCC_WARN_UNUSED_FUNCTION = YES;
				GCC_WARN_UNUSED_VARIABLE = YES;
				IPHONEOS_DEPLOYMENT_TARGET = 10.0;
				MTL_ENABLE_DEBUG_INFO = YES;
				ONLY_ACTIVE_ARCH = YES;
				SDKROOT = iphoneos;
				SWIFT_ACTIVE_COMPILATION_CONDITIONS = DEBUG;
				SWIFT_OPTIMIZATION_LEVEL = "-Onone";
			};
			name = Debug;
		};
		66AE73E41DBFB73000BC1260 /* Release */ = {
			isa = XCBuildConfiguration;
			buildSettings = {
				ALWAYS_SEARCH_USER_PATHS = NO;
				CLANG_ANALYZER_NONNULL = YES;
				CLANG_CXX_LANGUAGE_STANDARD = "gnu++0x";
				CLANG_CXX_LIBRARY = "libc++";
				CLANG_ENABLE_MODULES = YES;
				CLANG_ENABLE_OBJC_ARC = YES;
				CLANG_WARN_BOOL_CONVERSION = YES;
				CLANG_WARN_CONSTANT_CONVERSION = YES;
				CLANG_WARN_DIRECT_OBJC_ISA_USAGE = YES_ERROR;
				CLANG_WARN_DOCUMENTATION_COMMENTS = YES;
				CLANG_WARN_EMPTY_BODY = YES;
				CLANG_WARN_ENUM_CONVERSION = YES;
				CLANG_WARN_INFINITE_RECURSION = YES;
				CLANG_WARN_INT_CONVERSION = YES;
				CLANG_WARN_OBJC_ROOT_CLASS = YES_ERROR;
				CLANG_WARN_SUSPICIOUS_MOVE = YES;
				CLANG_WARN_SUSPICIOUS_MOVES = YES;
				CLANG_WARN_UNREACHABLE_CODE = YES;
				CLANG_WARN__DUPLICATE_METHOD_MATCH = YES;
				"CODE_SIGN_IDENTITY[sdk=iphoneos*]" = "iPhone Developer";
				COPY_PHASE_STRIP = NO;
				DEBUG_INFORMATION_FORMAT = "dwarf-with-dsym";
				ENABLE_NS_ASSERTIONS = NO;
				ENABLE_STRICT_OBJC_MSGSEND = YES;
				GCC_C_LANGUAGE_STANDARD = gnu99;
				GCC_NO_COMMON_BLOCKS = YES;
				GCC_WARN_64_TO_32_BIT_CONVERSION = YES;
				GCC_WARN_ABOUT_RETURN_TYPE = YES_ERROR;
				GCC_WARN_UNDECLARED_SELECTOR = YES;
				GCC_WARN_UNINITIALIZED_AUTOS = YES_AGGRESSIVE;
				GCC_WARN_UNUSED_FUNCTION = YES;
				GCC_WARN_UNUSED_VARIABLE = YES;
				IPHONEOS_DEPLOYMENT_TARGET = 10.0;
				MTL_ENABLE_DEBUG_INFO = NO;
				SDKROOT = iphoneos;
				SWIFT_OPTIMIZATION_LEVEL = "-Owholemodule";
				VALIDATE_PRODUCT = YES;
			};
			name = Release;
		};
		66AE73E61DBFB73000BC1260 /* Debug */ = {
			isa = XCBuildConfiguration;
			baseConfigurationReference = DF7921EC217887B3EF8A8454 /* Pods-Biblio.debug.xcconfig */;
			buildSettings = {
				ALWAYS_EMBED_SWIFT_STANDARD_LIBRARIES = YES;
				ASSETCATALOG_COMPILER_APPICON_NAME = AppIcon;
				DEVELOPMENT_TEAM = 3GR96D7Z4R;
				INFOPLIST_FILE = Biblio/Info.plist;
				LD_RUNPATH_SEARCH_PATHS = "$(inherited) @executable_path/Frameworks";
				PRODUCT_BUNDLE_IDENTIFIER = com.adamtecle.Biblio;
				PRODUCT_NAME = "$(TARGET_NAME)";
				SWIFT_VERSION = 3.0;
			};
			name = Debug;
		};
		66AE73E71DBFB73000BC1260 /* Release */ = {
			isa = XCBuildConfiguration;
			baseConfigurationReference = 71C46E5F82BFFC4D7F8237E1 /* Pods-Biblio.release.xcconfig */;
			buildSettings = {
				ALWAYS_EMBED_SWIFT_STANDARD_LIBRARIES = YES;
				ASSETCATALOG_COMPILER_APPICON_NAME = AppIcon;
				DEVELOPMENT_TEAM = 3GR96D7Z4R;
				INFOPLIST_FILE = Biblio/Info.plist;
				LD_RUNPATH_SEARCH_PATHS = "$(inherited) @executable_path/Frameworks";
				PRODUCT_BUNDLE_IDENTIFIER = com.adamtecle.Biblio;
				PRODUCT_NAME = "$(TARGET_NAME)";
				SWIFT_VERSION = 3.0;
			};
			name = Release;
		};
		66AE73E91DBFB73000BC1260 /* Debug */ = {
			isa = XCBuildConfiguration;
			buildSettings = {
				ALWAYS_EMBED_SWIFT_STANDARD_LIBRARIES = YES;
				BUNDLE_LOADER = "$(TEST_HOST)";
				DEVELOPMENT_TEAM = 3GR96D7Z4R;
				INFOPLIST_FILE = BiblioTests/Info.plist;
				LD_RUNPATH_SEARCH_PATHS = "$(inherited) @executable_path/Frameworks @loader_path/Frameworks";
				PRODUCT_BUNDLE_IDENTIFIER = com.adamtecle.BiblioTests;
				PRODUCT_NAME = "$(TARGET_NAME)";
				SWIFT_VERSION = 3.0;
				TEST_HOST = "$(BUILT_PRODUCTS_DIR)/Biblio.app/Biblio";
			};
			name = Debug;
		};
		66AE73EA1DBFB73000BC1260 /* Release */ = {
			isa = XCBuildConfiguration;
			buildSettings = {
				ALWAYS_EMBED_SWIFT_STANDARD_LIBRARIES = YES;
				BUNDLE_LOADER = "$(TEST_HOST)";
				DEVELOPMENT_TEAM = 3GR96D7Z4R;
				INFOPLIST_FILE = BiblioTests/Info.plist;
				LD_RUNPATH_SEARCH_PATHS = "$(inherited) @executable_path/Frameworks @loader_path/Frameworks";
				PRODUCT_BUNDLE_IDENTIFIER = com.adamtecle.BiblioTests;
				PRODUCT_NAME = "$(TARGET_NAME)";
				SWIFT_VERSION = 3.0;
				TEST_HOST = "$(BUILT_PRODUCTS_DIR)/Biblio.app/Biblio";
			};
			name = Release;
		};
/* End XCBuildConfiguration section */

/* Begin XCConfigurationList section */
		66AE73C01DBFB72F00BC1260 /* Build configuration list for PBXProject "Biblio" */ = {
			isa = XCConfigurationList;
			buildConfigurations = (
				66AE73E31DBFB73000BC1260 /* Debug */,
				66AE73E41DBFB73000BC1260 /* Release */,
			);
			defaultConfigurationIsVisible = 0;
			defaultConfigurationName = Release;
		};
		66AE73E51DBFB73000BC1260 /* Build configuration list for PBXNativeTarget "Biblio" */ = {
			isa = XCConfigurationList;
			buildConfigurations = (
				66AE73E61DBFB73000BC1260 /* Debug */,
				66AE73E71DBFB73000BC1260 /* Release */,
			);
			defaultConfigurationIsVisible = 0;
			defaultConfigurationName = Release;
		};
		66AE73E81DBFB73000BC1260 /* Build configuration list for PBXNativeTarget "BiblioTests" */ = {
			isa = XCConfigurationList;
			buildConfigurations = (
				66AE73E91DBFB73000BC1260 /* Debug */,
				66AE73EA1DBFB73000BC1260 /* Release */,
			);
			defaultConfigurationIsVisible = 0;
			defaultConfigurationName = Release;
		};
/* End XCConfigurationList section */
	};
	rootObject = 66AE73BD1DBFB72F00BC1260 /* Project object */;
}
